// !$*UTF8*$!
{
	archiveVersion = 1;
	classes = {
	};
	objectVersion = 48;
	objects = {

/* Begin PBXBuildFile section */
		7D5375A11FBC375D0000EB03 /* AppDelegate.swift in Sources */ = {isa = PBXBuildFile; fileRef = 7D5375A01FBC375D0000EB03 /* AppDelegate.swift */; };
		7D5375A31FBC375D0000EB03 /* ViewController.swift in Sources */ = {isa = PBXBuildFile; fileRef = 7D5375A21FBC375D0000EB03 /* ViewController.swift */; };
		7D5375A61FBC375D0000EB03 /* Main.storyboard in Resources */ = {isa = PBXBuildFile; fileRef = 7D5375A41FBC375D0000EB03 /* Main.storyboard */; };
		7D5375A81FBC375D0000EB03 /* Assets.xcassets in Resources */ = {isa = PBXBuildFile; fileRef = 7D5375A71FBC375D0000EB03 /* Assets.xcassets */; };
		7D5375AB1FBC375D0000EB03 /* LaunchScreen.storyboard in Resources */ = {isa = PBXBuildFile; fileRef = 7D5375A91FBC375D0000EB03 /* LaunchScreen.storyboard */; };
		7D5375B61FBC375D0000EB03 /* ShowUpTests.swift in Sources */ = {isa = PBXBuildFile; fileRef = 7D5375B51FBC375D0000EB03 /* ShowUpTests.swift */; };
		7D5375C11FBC375D0000EB03 /* ShowUpUITests.swift in Sources */ = {isa = PBXBuildFile; fileRef = 7D5375C01FBC375D0000EB03 /* ShowUpUITests.swift */; };
/* End PBXBuildFile section */

/* Begin PBXContainerItemProxy section */
		7D5375B21FBC375D0000EB03 /* PBXContainerItemProxy */ = {
			isa = PBXContainerItemProxy;
			containerPortal = 7D5375951FBC375D0000EB03 /* Project object */;
			proxyType = 1;
			remoteGlobalIDString = 7D53759C1FBC375D0000EB03;
			remoteInfo = ShowUp;
		};
		7D5375BD1FBC375D0000EB03 /* PBXContainerItemProxy */ = {
			isa = PBXContainerItemProxy;
			containerPortal = 7D5375951FBC375D0000EB03 /* Project object */;
			proxyType = 1;
			remoteGlobalIDString = 7D53759C1FBC375D0000EB03;
			remoteInfo = ShowUp;
		};
/* End PBXContainerItemProxy section */

/* Begin PBXFileReference section */
		7D53759D1FBC375D0000EB03 /* ShowUp.app */ = {isa = PBXFileReference; explicitFileType = wrapper.application; includeInIndex = 0; path = ShowUp.app; sourceTree = BUILT_PRODUCTS_DIR; };
		7D5375A01FBC375D0000EB03 /* AppDelegate.swift */ = {isa = PBXFileReference; lastKnownFileType = sourcecode.swift; path = AppDelegate.swift; sourceTree = "<group>"; };
		7D5375A21FBC375D0000EB03 /* ViewController.swift */ = {isa = PBXFileReference; lastKnownFileType = sourcecode.swift; path = ViewController.swift; sourceTree = "<group>"; };
		7D5375A51FBC375D0000EB03 /* Base */ = {isa = PBXFileReference; lastKnownFileType = file.storyboard; name = Base; path = Base.lproj/Main.storyboard; sourceTree = "<group>"; };
		7D5375A71FBC375D0000EB03 /* Assets.xcassets */ = {isa = PBXFileReference; lastKnownFileType = folder.assetcatalog; path = Assets.xcassets; sourceTree = "<group>"; };
		7D5375AA1FBC375D0000EB03 /* Base */ = {isa = PBXFileReference; lastKnownFileType = file.storyboard; name = Base; path = Base.lproj/LaunchScreen.storyboard; sourceTree = "<group>"; };
		7D5375AC1FBC375D0000EB03 /* Info.plist */ = {isa = PBXFileReference; lastKnownFileType = text.plist.xml; path = Info.plist; sourceTree = "<group>"; };
		7D5375B11FBC375D0000EB03 /* ShowUpTests.xctest */ = {isa = PBXFileReference; explicitFileType = wrapper.cfbundle; includeInIndex = 0; path = ShowUpTests.xctest; sourceTree = BUILT_PRODUCTS_DIR; };
		7D5375B51FBC375D0000EB03 /* ShowUpTests.swift */ = {isa = PBXFileReference; lastKnownFileType = sourcecode.swift; path = ShowUpTests.swift; sourceTree = "<group>"; };
		7D5375B71FBC375D0000EB03 /* Info.plist */ = {isa = PBXFileReference; lastKnownFileType = text.plist.xml; path = Info.plist; sourceTree = "<group>"; };
		7D5375BC1FBC375D0000EB03 /* ShowUpUITests.xctest */ = {isa = PBXFileReference; explicitFileType = wrapper.cfbundle; includeInIndex = 0; path = ShowUpUITests.xctest; sourceTree = BUILT_PRODUCTS_DIR; };
		7D5375C01FBC375D0000EB03 /* ShowUpUITests.swift */ = {isa = PBXFileReference; lastKnownFileType = sourcecode.swift; path = ShowUpUITests.swift; sourceTree = "<group>"; };
		7D5375C21FBC375D0000EB03 /* Info.plist */ = {isa = PBXFileReference; lastKnownFileType = text.plist.xml; path = Info.plist; sourceTree = "<group>"; };
/* End PBXFileReference section */

/* Begin PBXFrameworksBuildPhase section */
		7D53759A1FBC375D0000EB03 /* Frameworks */ = {
			isa = PBXFrameworksBuildPhase;
			buildActionMask = 2147483647;
			files = (
			);
			runOnlyForDeploymentPostprocessing = 0;
		};
		7D5375AE1FBC375D0000EB03 /* Frameworks */ = {
			isa = PBXFrameworksBuildPhase;
			buildActionMask = 2147483647;
			files = (
			);
			runOnlyForDeploymentPostprocessing = 0;
		};
		7D5375B91FBC375D0000EB03 /* Frameworks */ = {
			isa = PBXFrameworksBuildPhase;
			buildActionMask = 2147483647;
			files = (
			);
			runOnlyForDeploymentPostprocessing = 0;
		};
/* End PBXFrameworksBuildPhase section */

/* Begin PBXGroup section */
		7D5375941FBC375D0000EB03 = {
			isa = PBXGroup;
			children = (
				7D53759F1FBC375D0000EB03 /* ShowUp */,
				7D5375B41FBC375D0000EB03 /* ShowUpTests */,
				7D5375BF1FBC375D0000EB03 /* ShowUpUITests */,
				7D53759E1FBC375D0000EB03 /* Products */,
			);
			sourceTree = "<group>";
		};
		7D53759E1FBC375D0000EB03 /* Products */ = {
			isa = PBXGroup;
			children = (
				7D53759D1FBC375D0000EB03 /* ShowUp.app */,
				7D5375B11FBC375D0000EB03 /* ShowUpTests.xctest */,
				7D5375BC1FBC375D0000EB03 /* ShowUpUITests.xctest */,
			);
			name = Products;
			sourceTree = "<group>";
		};
		7D53759F1FBC375D0000EB03 /* ShowUp */ = {
			isa = PBXGroup;
			children = (
				7D5375A01FBC375D0000EB03 /* AppDelegate.swift */,
				7D5375A21FBC375D0000EB03 /* ViewController.swift */,
				7D5375A41FBC375D0000EB03 /* Main.storyboard */,
				7D5375A71FBC375D0000EB03 /* Assets.xcassets */,
				7D5375A91FBC375D0000EB03 /* LaunchScreen.storyboard */,
				7D5375AC1FBC375D0000EB03 /* Info.plist */,
			);
			path = ShowUp;
			sourceTree = "<group>";
		};
		7D5375B41FBC375D0000EB03 /* ShowUpTests */ = {
			isa = PBXGroup;
			children = (
				7D5375B51FBC375D0000EB03 /* ShowUpTests.swift */,
				7D5375B71FBC375D0000EB03 /* Info.plist */,
			);
			path = ShowUpTests;
			sourceTree = "<group>";
		};
		7D5375BF1FBC375D0000EB03 /* ShowUpUITests */ = {
			isa = PBXGroup;
			children = (
				7D5375C01FBC375D0000EB03 /* ShowUpUITests.swift */,
				7D5375C21FBC375D0000EB03 /* Info.plist */,
			);
			path = ShowUpUITests;
			sourceTree = "<group>";
		};
/* End PBXGroup section */

/* Begin PBXNativeTarget section */
		7D53759C1FBC375D0000EB03 /* ShowUp */ = {
			isa = PBXNativeTarget;
			buildConfigurationList = 7D5375C51FBC375D0000EB03 /* Build configuration list for PBXNativeTarget "ShowUp" */;
			buildPhases = (
				7D5375991FBC375D0000EB03 /* Sources */,
				7D53759A1FBC375D0000EB03 /* Frameworks */,
				7D53759B1FBC375D0000EB03 /* Resources */,
			);
			buildRules = (
			);
			dependencies = (
			);
			name = ShowUp;
			productName = ShowUp;
			productReference = 7D53759D1FBC375D0000EB03 /* ShowUp.app */;
			productType = "com.apple.product-type.application";
		};
		7D5375B01FBC375D0000EB03 /* ShowUpTests */ = {
			isa = PBXNativeTarget;
			buildConfigurationList = 7D5375C81FBC375D0000EB03 /* Build configuration list for PBXNativeTarget "ShowUpTests" */;
			buildPhases = (
				7D5375AD1FBC375D0000EB03 /* Sources */,
				7D5375AE1FBC375D0000EB03 /* Frameworks */,
				7D5375AF1FBC375D0000EB03 /* Resources */,
			);
			buildRules = (
			);
			dependencies = (
				7D5375B31FBC375D0000EB03 /* PBXTargetDependency */,
			);
			name = ShowUpTests;
			productName = ShowUpTests;
			productReference = 7D5375B11FBC375D0000EB03 /* ShowUpTests.xctest */;
			productType = "com.apple.product-type.bundle.unit-test";
		};
		7D5375BB1FBC375D0000EB03 /* ShowUpUITests */ = {
			isa = PBXNativeTarget;
			buildConfigurationList = 7D5375CB1FBC375D0000EB03 /* Build configuration list for PBXNativeTarget "ShowUpUITests" */;
			buildPhases = (
				7D5375B81FBC375D0000EB03 /* Sources */,
				7D5375B91FBC375D0000EB03 /* Frameworks */,
				7D5375BA1FBC375D0000EB03 /* Resources */,
			);
			buildRules = (
			);
			dependencies = (
				7D5375BE1FBC375D0000EB03 /* PBXTargetDependency */,
			);
			name = ShowUpUITests;
			productName = ShowUpUITests;
			productReference = 7D5375BC1FBC375D0000EB03 /* ShowUpUITests.xctest */;
			productType = "com.apple.product-type.bundle.ui-testing";
		};
/* End PBXNativeTarget section */

/* Begin PBXProject section */
		7D5375951FBC375D0000EB03 /* Project object */ = {
			isa = PBXProject;
			attributes = {
				LastSwiftUpdateCheck = 0910;
				LastUpgradeCheck = 0910;
				ORGANIZATIONNAME = "Sohel Dengre";
				TargetAttributes = {
					7D53759C1FBC375D0000EB03 = {
						CreatedOnToolsVersion = 9.1;
						ProvisioningStyle = Automatic;
					};
					7D5375B01FBC375D0000EB03 = {
						CreatedOnToolsVersion = 9.1;
						ProvisioningStyle = Automatic;
						TestTargetID = 7D53759C1FBC375D0000EB03;
					};
					7D5375BB1FBC375D0000EB03 = {
						CreatedOnToolsVersion = 9.1;
						ProvisioningStyle = Automatic;
						TestTargetID = 7D53759C1FBC375D0000EB03;
					};
				};
			};
			buildConfigurationList = 7D5375981FBC375D0000EB03 /* Build configuration list for PBXProject "ShowUp" */;
			compatibilityVersion = "Xcode 8.0";
			developmentRegion = en;
			hasScannedForEncodings = 0;
			knownRegions = (
				en,
				Base,
			);
			mainGroup = 7D5375941FBC375D0000EB03;
			productRefGroup = 7D53759E1FBC375D0000EB03 /* Products */;
			projectDirPath = "";
			projectRoot = "";
			targets = (
				7D53759C1FBC375D0000EB03 /* ShowUp */,
				7D5375B01FBC375D0000EB03 /* ShowUpTests */,
				7D5375BB1FBC375D0000EB03 /* ShowUpUITests */,
			);
		};
/* End PBXProject section */

/* Begin PBXResourcesBuildPhase section */
		7D53759B1FBC375D0000EB03 /* Resources */ = {
			isa = PBXResourcesBuildPhase;
			buildActionMask = 2147483647;
			files = (
				7D5375AB1FBC375D0000EB03 /* LaunchScreen.storyboard in Resources */,
				7D5375A81FBC375D0000EB03 /* Assets.xcassets in Resources */,
				7D5375A61FBC375D0000EB03 /* Main.storyboard in Resources */,
			);
			runOnlyForDeploymentPostprocessing = 0;
		};
		7D5375AF1FBC375D0000EB03 /* Resources */ = {
			isa = PBXResourcesBuildPhase;
			buildActionMask = 2147483647;
			files = (
			);
			runOnlyForDeploymentPostprocessing = 0;
		};
		7D5375BA1FBC375D0000EB03 /* Resources */ = {
			isa = PBXResourcesBuildPhase;
			buildActionMask = 2147483647;
			files = (
			);
			runOnlyForDeploymentPostprocessing = 0;
		};
/* End PBXResourcesBuildPhase section */

/* Begin PBXSourcesBuildPhase section */
		7D5375991FBC375D0000EB03 /* Sources */ = {
			isa = PBXSourcesBuildPhase;
			buildActionMask = 2147483647;
			files = (
				7D5375A31FBC375D0000EB03 /* ViewController.swift in Sources */,
				7D5375A11FBC375D0000EB03 /* AppDelegate.swift in Sources */,
			);
			runOnlyForDeploymentPostprocessing = 0;
		};
		7D5375AD1FBC375D0000EB03 /* Sources */ = {
			isa = PBXSourcesBuildPhase;
			buildActionMask = 2147483647;
			files = (
				7D5375B61FBC375D0000EB03 /* ShowUpTests.swift in Sources */,
			);
			runOnlyForDeploymentPostprocessing = 0;
		};
		7D5375B81FBC375D0000EB03 /* Sources */ = {
			isa = PBXSourcesBuildPhase;
			buildActionMask = 2147483647;
			files = (
				7D5375C11FBC375D0000EB03 /* ShowUpUITests.swift in Sources */,
			);
			runOnlyForDeploymentPostprocessing = 0;
		};
/* End PBXSourcesBuildPhase section */

/* Begin PBXTargetDependency section */
		7D5375B31FBC375D0000EB03 /* PBXTargetDependency */ = {
			isa = PBXTargetDependency;
			target = 7D53759C1FBC375D0000EB03 /* ShowUp */;
			targetProxy = 7D5375B21FBC375D0000EB03 /* PBXContainerItemProxy */;
		};
		7D5375BE1FBC375D0000EB03 /* PBXTargetDependency */ = {
			isa = PBXTargetDependency;
			target = 7D53759C1FBC375D0000EB03 /* ShowUp */;
			targetProxy = 7D5375BD1FBC375D0000EB03 /* PBXContainerItemProxy */;
		};
/* End PBXTargetDependency section */

/* Begin PBXVariantGroup section */
		7D5375A41FBC375D0000EB03 /* Main.storyboard */ = {
			isa = PBXVariantGroup;
			children = (
				7D5375A51FBC375D0000EB03 /* Base */,
			);
			name = Main.storyboard;
			sourceTree = "<group>";
		};
		7D5375A91FBC375D0000EB03 /* LaunchScreen.storyboard */ = {
			isa = PBXVariantGroup;
			children = (
				7D5375AA1FBC375D0000EB03 /* Base */,
			);
			name = LaunchScreen.storyboard;
			sourceTree = "<group>";
		};
/* End PBXVariantGroup section */

/* Begin XCBuildConfiguration section */
		7D5375C31FBC375D0000EB03 /* Debug */ = {
			isa = XCBuildConfiguration;
			buildSettings = {
				ALWAYS_SEARCH_USER_PATHS = NO;
				CLANG_ANALYZER_NONNULL = YES;
				CLANG_ANALYZER_NUMBER_OBJECT_CONVERSION = YES_AGGRESSIVE;
				CLANG_CXX_LANGUAGE_STANDARD = "gnu++14";
				CLANG_CXX_LIBRARY = "libc++";
				CLANG_ENABLE_MODULES = YES;
				CLANG_ENABLE_OBJC_ARC = YES;
				CLANG_WARN_BLOCK_CAPTURE_AUTORELEASING = YES;
				CLANG_WARN_BOOL_CONVERSION = YES;
				CLANG_WARN_COMMA = YES;
				CLANG_WARN_CONSTANT_CONVERSION = YES;
				CLANG_WARN_DIRECT_OBJC_ISA_USAGE = YES_ERROR;
				CLANG_WARN_DOCUMENTATION_COMMENTS = YES;
				CLANG_WARN_EMPTY_BODY = YES;
				CLANG_WARN_ENUM_CONVERSION = YES;
				CLANG_WARN_INFINITE_RECURSION = YES;
				CLANG_WARN_INT_CONVERSION = YES;
				CLANG_WARN_NON_LITERAL_NULL_CONVERSION = YES;
				CLANG_WARN_OBJC_LITERAL_CONVERSION = YES;
				CLANG_WARN_OBJC_ROOT_CLASS = YES_ERROR;
				CLANG_WARN_RANGE_LOOP_ANALYSIS = YES;
				CLANG_WARN_STRICT_PROTOTYPES = YES;
				CLANG_WARN_SUSPICIOUS_MOVE = YES;
				CLANG_WARN_UNGUARDED_AVAILABILITY = YES_AGGRESSIVE;
				CLANG_WARN_UNREACHABLE_CODE = YES;
				CLANG_WARN__DUPLICATE_METHOD_MATCH = YES;
				CODE_SIGN_IDENTITY = "iPhone Developer";
				COPY_PHASE_STRIP = NO;
				DEBUG_INFORMATION_FORMAT = dwarf;
				ENABLE_STRICT_OBJC_MSGSEND = YES;
				ENABLE_TESTABILITY = YES;
				GCC_C_LANGUAGE_STANDARD = gnu11;
				GCC_DYNAMIC_NO_PIC = NO;
				GCC_NO_COMMON_BLOCKS = YES;
				GCC_OPTIMIZATION_LEVEL = 0;
				GCC_PREPROCESSOR_DEFINITIONS = (
					"DEBUG=1",
					"$(inherited)",
				);
				GCC_WARN_64_TO_32_BIT_CONVERSION = YES;
				GCC_WARN_ABOUT_RETURN_TYPE = YES_ERROR;
				GCC_WARN_UNDECLARED_SELECTOR = YES;
				GCC_WARN_UNINITIALIZED_AUTOS = YES_AGGRESSIVE;
				GCC_WARN_UNUSED_FUNCTION = YES;
				GCC_WARN_UNUSED_VARIABLE = YES;
				IPHONEOS_DEPLOYMENT_TARGET = 11.1;
				MTL_ENABLE_DEBUG_INFO = YES;
				ONLY_ACTIVE_ARCH = YES;
				SDKROOT = iphoneos;
				SWIFT_ACTIVE_COMPILATION_CONDITIONS = DEBUG;
				SWIFT_OPTIMIZATION_LEVEL = "-Onone";
			};
			name = Debug;
		};
		7D5375C41FBC375D0000EB03 /* Release */ = {
			isa = XCBuildConfiguration;
			buildSettings = {
				ALWAYS_SEARCH_USER_PATHS = NO;
				CLANG_ANALYZER_NONNULL = YES;
				CLANG_ANALYZER_NUMBER_OBJECT_CONVERSION = YES_AGGRESSIVE;
				CLANG_CXX_LANGUAGE_STANDARD = "gnu++14";
				CLANG_CXX_LIBRARY = "libc++";
				CLANG_ENABLE_MODULES = YES;
				CLANG_ENABLE_OBJC_ARC = YES;
				CLANG_WARN_BLOCK_CAPTURE_AUTORELEASING = YES;
				CLANG_WARN_BOOL_CONVERSION = YES;
				CLANG_WARN_COMMA = YES;
				CLANG_WARN_CONSTANT_CONVERSION = YES;
				CLANG_WARN_DIRECT_OBJC_ISA_USAGE = YES_ERROR;
				CLANG_WARN_DOCUMENTATION_COMMENTS = YES;
				CLANG_WARN_EMPTY_BODY = YES;
				CLANG_WARN_ENUM_CONVERSION = YES;
				CLANG_WARN_INFINITE_RECURSION = YES;
				CLANG_WARN_INT_CONVERSION = YES;
				CLANG_WARN_NON_LITERAL_NULL_CONVERSION = YES;
				CLANG_WARN_OBJC_LITERAL_CONVERSION = YES;
				CLANG_WARN_OBJC_ROOT_CLASS = YES_ERROR;
				CLANG_WARN_RANGE_LOOP_ANALYSIS = YES;
				CLANG_WARN_STRICT_PROTOTYPES = YES;
				CLANG_WARN_SUSPICIOUS_MOVE = YES;
				CLANG_WARN_UNGUARDED_AVAILABILITY = YES_AGGRESSIVE;
				CLANG_WARN_UNREACHABLE_CODE = YES;
				CLANG_WARN__DUPLICATE_METHOD_MATCH = YES;
				CODE_SIGN_IDENTITY = "iPhone Developer";
				COPY_PHASE_STRIP = NO;
				DEBUG_INFORMATION_FORMAT = "dwarf-with-dsym";
				ENABLE_NS_ASSERTIONS = NO;
				ENABLE_STRICT_OBJC_MSGSEND = YES;
				GCC_C_LANGUAGE_STANDARD = gnu11;
				GCC_NO_COMMON_BLOCKS = YES;
				GCC_WARN_64_TO_32_BIT_CONVERSION = YES;
				GCC_WARN_ABOUT_RETURN_TYPE = YES_ERROR;
				GCC_WARN_UNDECLARED_SELECTOR = YES;
				GCC_WARN_UNINITIALIZED_AUTOS = YES_AGGRESSIVE;
				GCC_WARN_UNUSED_FUNCTION = YES;
				GCC_WARN_UNUSED_VARIABLE = YES;
				IPHONEOS_DEPLOYMENT_TARGET = 11.1;
				MTL_ENABLE_DEBUG_INFO = NO;
				SDKROOT = iphoneos;
				SWIFT_OPTIMIZATION_LEVEL = "-Owholemodule";
				VALIDATE_PRODUCT = YES;
			};
			name = Release;
		};
		7D5375C61FBC375D0000EB03 /* Debug */ = {
			isa = XCBuildConfiguration;
			buildSettings = {
				ASSETCATALOG_COMPILER_APPICON_NAME = AppIcon;
				CODE_SIGN_STYLE = Automatic;
				INFOPLIST_FILE = ShowUp/Info.plist;
				LD_RUNPATH_SEARCH_PATHS = "$(inherited) @executable_path/Frameworks";
				PRODUCT_BUNDLE_IDENTIFIER = nick.ShowUp;
				PRODUCT_NAME = "$(TARGET_NAME)";
				SWIFT_VERSION = 4.0;
				TARGETED_DEVICE_FAMILY = "1,2";
			};
			name = Debug;
		};
		7D5375C71FBC375D0000EB03 /* Release */ = {
			isa = XCBuildConfiguration;
			buildSettings = {
				ASSETCATALOG_COMPILER_APPICON_NAME = AppIcon;
				CODE_SIGN_STYLE = Automatic;
				INFOPLIST_FILE = ShowUp/Info.plist;
				LD_RUNPATH_SEARCH_PATHS = "$(inherited) @executable_path/Frameworks";
				PRODUCT_BUNDLE_IDENTIFIER = nick.ShowUp;
				PRODUCT_NAME = "$(TARGET_NAME)";
				SWIFT_VERSION = 4.0;
				TARGETED_DEVICE_FAMILY = "1,2";
			};
			name = Release;
		};
		7D5375C91FBC375D0000EB03 /* Debug */ = {
			isa = XCBuildConfiguration;
			buildSettings = {
				ALWAYS_EMBED_SWIFT_STANDARD_LIBRARIES = YES;
				BUNDLE_LOADER = "$(TEST_HOST)";
				CODE_SIGN_STYLE = Automatic;
				INFOPLIST_FILE = ShowUpTests/Info.plist;
				LD_RUNPATH_SEARCH_PATHS = "$(inherited) @executable_path/Frameworks @loader_path/Frameworks";
				PRODUCT_BUNDLE_IDENTIFIER = nick.ShowUpTests;
				PRODUCT_NAME = "$(TARGET_NAME)";
				SWIFT_VERSION = 4.0;
				TARGETED_DEVICE_FAMILY = "1,2";
				TEST_HOST = "$(BUILT_PRODUCTS_DIR)/ShowUp.app/ShowUp";
			};
			name = Debug;
		};
		7D5375CA1FBC375D0000EB03 /* Release */ = {
			isa = XCBuildConfiguration;
			buildSettings = {
				ALWAYS_EMBED_SWIFT_STANDARD_LIBRARIES = YES;
				BUNDLE_LOADER = "$(TEST_HOST)";
				CODE_SIGN_STYLE = Automatic;
				INFOPLIST_FILE = ShowUpTests/Info.plist;
				LD_RUNPATH_SEARCH_PATHS = "$(inherited) @executable_path/Frameworks @loader_path/Frameworks";
				PRODUCT_BUNDLE_IDENTIFIER = nick.ShowUpTests;
				PRODUCT_NAME = "$(TARGET_NAME)";
				SWIFT_VERSION = 4.0;
				TARGETED_DEVICE_FAMILY = "1,2";
				TEST_HOST = "$(BUILT_PRODUCTS_DIR)/ShowUp.app/ShowUp";
			};
			name = Release;
		};
		7D5375CC1FBC375D0000EB03 /* Debug */ = {
			isa = XCBuildConfiguration;
			buildSettings = {
				ALWAYS_EMBED_SWIFT_STANDARD_LIBRARIES = YES;
				CODE_SIGN_STYLE = Automatic;
				INFOPLIST_FILE = ShowUpUITests/Info.plist;
				LD_RUNPATH_SEARCH_PATHS = "$(inherited) @executable_path/Frameworks @loader_path/Frameworks";
				PRODUCT_BUNDLE_IDENTIFIER = nick.ShowUpUITests;
				PRODUCT_NAME = "$(TARGET_NAME)";
				SWIFT_VERSION = 4.0;
				TARGETED_DEVICE_FAMILY = "1,2";
				TEST_TARGET_NAME = ShowUp;
			};
			name = Debug;
		};
		7D5375CD1FBC375D0000EB03 /* Release */ = {
			isa = XCBuildConfiguration;
			buildSettings = {
				ALWAYS_EMBED_SWIFT_STANDARD_LIBRARIES = YES;
				CODE_SIGN_STYLE = Automatic;
				INFOPLIST_FILE = ShowUpUITests/Info.plist;
				LD_RUNPATH_SEARCH_PATHS = "$(inherited) @executable_path/Frameworks @loader_path/Frameworks";
				PRODUCT_BUNDLE_IDENTIFIER = nick.ShowUpUITests;
				PRODUCT_NAME = "$(TARGET_NAME)";
				SWIFT_VERSION = 4.0;
				TARGETED_DEVICE_FAMILY = "1,2";
				TEST_TARGET_NAME = ShowUp;
			};
			name = Release;
		};
/* End XCBuildConfiguration section */

/* Begin XCConfigurationList section */
		7D5375981FBC375D0000EB03 /* Build configuration list for PBXProject "ShowUp" */ = {
			isa = XCConfigurationList;
			buildConfigurations = (
				7D5375C31FBC375D0000EB03 /* Debug */,
				7D5375C41FBC375D0000EB03 /* Release */,
			);
			defaultConfigurationIsVisible = 0;
			defaultConfigurationName = Release;
		};
		7D5375C51FBC375D0000EB03 /* Build configuration list for PBXNativeTarget "ShowUp" */ = {
			isa = XCConfigurationList;
			buildConfigurations = (
				7D5375C61FBC375D0000EB03 /* Debug */,
				7D5375C71FBC375D0000EB03 /* Release */,
			);
			defaultConfigurationIsVisible = 0;
			defaultConfigurationName = Release;
		};
		7D5375C81FBC375D0000EB03 /* Build configuration list for PBXNativeTarget "ShowUpTests" */ = {
			isa = XCConfigurationList;
			buildConfigurations = (
				7D5375C91FBC375D0000EB03 /* Debug */,
				7D5375CA1FBC375D0000EB03 /* Release */,
			);
			defaultConfigurationIsVisible = 0;
			defaultConfigurationName = Release;
		};
		7D5375CB1FBC375D0000EB03 /* Build configuration list for PBXNativeTarget "ShowUpUITests" */ = {
			isa = XCConfigurationList;
			buildConfigurations = (
				7D5375CC1FBC375D0000EB03 /* Debug */,
				7D5375CD1FBC375D0000EB03 /* Release */,
			);
			defaultConfigurationIsVisible = 0;
			defaultConfigurationName = Release;
		};
/* End XCConfigurationList section */
	};
	rootObject = 7D5375951FBC375D0000EB03 /* Project object */;
}
